// !$*UTF8*$!
{
	archiveVersion = 1;
	classes = {
	};
	objectVersion = 56;
	objects = {

/* Begin PBXBuildFile section */
		CE206A9D2BFDE4EA000A8336 /* FirebaseAuth in Frameworks */ = {isa = PBXBuildFile; productRef = CE206A9C2BFDE4EA000A8336 /* FirebaseAuth */; };
		CE206A9F2BFDE4EA000A8336 /* FirebaseAuthCombine-Community in Frameworks */ = {isa = PBXBuildFile; productRef = CE206A9E2BFDE4EA000A8336 /* FirebaseAuthCombine-Community */; };
		CE206AA12BFDE4EA000A8336 /* FirebaseDatabase in Frameworks */ = {isa = PBXBuildFile; productRef = CE206AA02BFDE4EA000A8336 /* FirebaseDatabase */; };
		CE206AA32BFDE4EA000A8336 /* FirebaseFirestore in Frameworks */ = {isa = PBXBuildFile; productRef = CE206AA22BFDE4EA000A8336 /* FirebaseFirestore */; };
		CE206AA52BFDE4EA000A8336 /* FirebaseStorage in Frameworks */ = {isa = PBXBuildFile; productRef = CE206AA42BFDE4EA000A8336 /* FirebaseStorage */; };
		CE206AAA2BFDEBCA000A8336 /* GoogleService-Info.plist in Resources */ = {isa = PBXBuildFile; fileRef = CE206AA92BFDEBCA000A8336 /* GoogleService-Info.plist */; };
		CE206AAC2BFDECF1000A8336 /* NewCardChoiseView.swift in Sources */ = {isa = PBXBuildFile; fileRef = CE206AAB2BFDECF1000A8336 /* NewCardChoiseView.swift */; };
		CE206AAF2BFDF0AF000A8336 /* NewCardChoiseViewController.swift in Sources */ = {isa = PBXBuildFile; fileRef = CE206AAE2BFDF0AF000A8336 /* NewCardChoiseViewController.swift */; };
		CE206AB12BFDF53A000A8336 /* NewCardChoiseModuleBuilder.swift in Sources */ = {isa = PBXBuildFile; fileRef = CE206AB02BFDF53A000A8336 /* NewCardChoiseModuleBuilder.swift */; };
		CE3DEC6D2BC9581B00B13324 /* AppDelegate.swift in Sources */ = {isa = PBXBuildFile; fileRef = CE3DEC6C2BC9581B00B13324 /* AppDelegate.swift */; };
		CE3DEC6F2BC9581B00B13324 /* SceneDelegate.swift in Sources */ = {isa = PBXBuildFile; fileRef = CE3DEC6E2BC9581B00B13324 /* SceneDelegate.swift */; };
		CE3DEC762BC9581C00B13324 /* Assets.xcassets in Resources */ = {isa = PBXBuildFile; fileRef = CE3DEC752BC9581C00B13324 /* Assets.xcassets */; };
		CE3DEC792BC9581C00B13324 /* LaunchScreen.storyboard in Resources */ = {isa = PBXBuildFile; fileRef = CE3DEC772BC9581C00B13324 /* LaunchScreen.storyboard */; };
		CE3DEC842BC9581C00B13324 /* DiscountTests.swift in Sources */ = {isa = PBXBuildFile; fileRef = CE3DEC832BC9581C00B13324 /* DiscountTests.swift */; };
		CE3DEC8E2BC9581C00B13324 /* DiscountUITests.swift in Sources */ = {isa = PBXBuildFile; fileRef = CE3DEC8D2BC9581C00B13324 /* DiscountUITests.swift */; };
		CE3DEC902BC9581C00B13324 /* DiscountUITestsLaunchTests.swift in Sources */ = {isa = PBXBuildFile; fileRef = CE3DEC8F2BC9581C00B13324 /* DiscountUITestsLaunchTests.swift */; };
		CE3DEC9F2BC95C2600B13324 /* SnapKit in Frameworks */ = {isa = PBXBuildFile; productRef = CE3DEC9E2BC95C2600B13324 /* SnapKit */; };
		CE3DECA22BC95E6600B13324 /* Swinject in Frameworks */ = {isa = PBXBuildFile; productRef = CE3DECA12BC95E6600B13324 /* Swinject */; };
		CE3DECA62BC96A2900B13324 /* UIColor.swift in Sources */ = {isa = PBXBuildFile; fileRef = CE3DECA52BC96A2900B13324 /* UIColor.swift */; };
		CE3DECA82BC96B4700B13324 /* UICustomInfoLabel.swift in Sources */ = {isa = PBXBuildFile; fileRef = CE3DECA72BC96B4700B13324 /* UICustomInfoLabel.swift */; };
		CE3DECAA2BC96C9100B13324 /* UICustomBackItem.swift in Sources */ = {isa = PBXBuildFile; fileRef = CE3DECA92BC96C9100B13324 /* UICustomBackItem.swift */; };
		CE3DECAC2BC96CDF00B13324 /* UICustomButton.swift in Sources */ = {isa = PBXBuildFile; fileRef = CE3DECAB2BC96CDF00B13324 /* UICustomButton.swift */; };
		CE3DECAE2BC96D9500B13324 /* UICustomTextField.swift in Sources */ = {isa = PBXBuildFile; fileRef = CE3DECAD2BC96D9500B13324 /* UICustomTextField.swift */; };
		CE3DECB02BC96F3500B13324 /* UICustomLabel.swift in Sources */ = {isa = PBXBuildFile; fileRef = CE3DECAF2BC96F3500B13324 /* UICustomLabel.swift */; };
		CE3DECB22BC9702200B13324 /* UICustomTextView.swift in Sources */ = {isa = PBXBuildFile; fileRef = CE3DECB12BC9702200B13324 /* UICustomTextView.swift */; };
		CE3DECB42BC9709D00B13324 /* UICustomGrayButton.swift in Sources */ = {isa = PBXBuildFile; fileRef = CE3DECB32BC9709D00B13324 /* UICustomGrayButton.swift */; };
		CE4306E22BF62847009D8577 /* CodeScanner in Frameworks */ = {isa = PBXBuildFile; productRef = CE4306E12BF62847009D8577 /* CodeScanner */; };
		CE4306E62BF63AAF009D8577 /* ScannerView.swift in Sources */ = {isa = PBXBuildFile; fileRef = CE4306E52BF63AAF009D8577 /* ScannerView.swift */; };
		CE48EE802BCFC738006C33F5 /* Coordinator.swift in Sources */ = {isa = PBXBuildFile; fileRef = CE48EE7F2BCFC738006C33F5 /* Coordinator.swift */; };
		CE48EE822BCFC7B0006C33F5 /* MainFlowCoordinator.swift in Sources */ = {isa = PBXBuildFile; fileRef = CE48EE812BCFC7B0006C33F5 /* MainFlowCoordinator.swift */; };
		CE48EE852BCFCA22006C33F5 /* ModuleBuilder.swift in Sources */ = {isa = PBXBuildFile; fileRef = CE48EE842BCFCA22006C33F5 /* ModuleBuilder.swift */; };
		CE48EE892BCFCB1C006C33F5 /* MainModuleBuilder.swift in Sources */ = {isa = PBXBuildFile; fileRef = CE48EE882BCFCB1C006C33F5 /* MainModuleBuilder.swift */; };
		CE48EE8B2BCFCB49006C33F5 /* MainViewModel.swift in Sources */ = {isa = PBXBuildFile; fileRef = CE48EE8A2BCFCB49006C33F5 /* MainViewModel.swift */; };
		CE48EE8D2BCFCCC7006C33F5 /* AppCoordinator.swift in Sources */ = {isa = PBXBuildFile; fileRef = CE48EE8C2BCFCCC7006C33F5 /* AppCoordinator.swift */; };
		CE48EE902BCFE57F006C33F5 /* AboutAppModuleBuilder.swift in Sources */ = {isa = PBXBuildFile; fileRef = CE48EE8F2BCFE57F006C33F5 /* AboutAppModuleBuilder.swift */; };
		CE48EE932BCFE5BC006C33F5 /* AboutAppView.swift in Sources */ = {isa = PBXBuildFile; fileRef = CE48EE922BCFE5BC006C33F5 /* AboutAppView.swift */; };
		CE48EE952BCFE5C7006C33F5 /* AboutAppViewController.swift in Sources */ = {isa = PBXBuildFile; fileRef = CE48EE942BCFE5C7006C33F5 /* AboutAppViewController.swift */; };
		CE56B2902BDB6BC500132A10 /* CardService.swift in Sources */ = {isa = PBXBuildFile; fileRef = CE56B28F2BDB6BC500132A10 /* CardService.swift */; };
		CE56B2952BDB70FF00132A10 /* Errors.swift in Sources */ = {isa = PBXBuildFile; fileRef = CE56B2942BDB70FF00132A10 /* Errors.swift */; };
		CE7D5F2C2BCEBEB70005DAB9 /* MainTableViewCell.swift in Sources */ = {isa = PBXBuildFile; fileRef = CE7D5F2B2BCEBEB70005DAB9 /* MainTableViewCell.swift */; };
		CE7D5F2F2BCEC1350005DAB9 /* CardTypes.swift in Sources */ = {isa = PBXBuildFile; fileRef = CE7D5F2E2BCEC1350005DAB9 /* CardTypes.swift */; };
		CE7D5F312BCEC3950005DAB9 /* MainView.swift in Sources */ = {isa = PBXBuildFile; fileRef = CE7D5F302BCEC3950005DAB9 /* MainView.swift */; };
		CE7D5F332BCECF350005DAB9 /* MainViewController.swift in Sources */ = {isa = PBXBuildFile; fileRef = CE7D5F322BCECF350005DAB9 /* MainViewController.swift */; };
		CEC1A1502BD65DA200080CEC /* NewCardViewController.swift in Sources */ = {isa = PBXBuildFile; fileRef = CEC1A14F2BD65DA200080CEC /* NewCardViewController.swift */; };
		CEC1A1522BD65DB200080CEC /* NewCardView.swift in Sources */ = {isa = PBXBuildFile; fileRef = CEC1A1512BD65DB200080CEC /* NewCardView.swift */; };
		CEC1A1542BD662C700080CEC /* NewCardModuleBuilder.swift in Sources */ = {isa = PBXBuildFile; fileRef = CEC1A1532BD662C700080CEC /* NewCardModuleBuilder.swift */; };
		CEC1A1562BD662E500080CEC /* NewCardViewModel.swift in Sources */ = {isa = PBXBuildFile; fileRef = CEC1A1552BD662E500080CEC /* NewCardViewModel.swift */; };
/* End PBXBuildFile section */

/* Begin PBXContainerItemProxy section */
		CE3DEC802BC9581C00B13324 /* PBXContainerItemProxy */ = {
			isa = PBXContainerItemProxy;
			containerPortal = CE3DEC612BC9581B00B13324 /* Project object */;
			proxyType = 1;
			remoteGlobalIDString = CE3DEC682BC9581B00B13324;
			remoteInfo = Discount;
		};
		CE3DEC8A2BC9581C00B13324 /* PBXContainerItemProxy */ = {
			isa = PBXContainerItemProxy;
			containerPortal = CE3DEC612BC9581B00B13324 /* Project object */;
			proxyType = 1;
			remoteGlobalIDString = CE3DEC682BC9581B00B13324;
			remoteInfo = Discount;
		};
/* End PBXContainerItemProxy section */

/* Begin PBXFileReference section */
		CE206AA92BFDEBCA000A8336 /* GoogleService-Info.plist */ = {isa = PBXFileReference; fileEncoding = 4; lastKnownFileType = text.plist.xml; name = "GoogleService-Info.plist"; path = "../../../../../../../Downloads/GoogleService-Info.plist"; sourceTree = "<group>"; };
		CE206AAB2BFDECF1000A8336 /* NewCardChoiseView.swift */ = {isa = PBXFileReference; lastKnownFileType = sourcecode.swift; path = NewCardChoiseView.swift; sourceTree = "<group>"; };
		CE206AAE2BFDF0AF000A8336 /* NewCardChoiseViewController.swift */ = {isa = PBXFileReference; lastKnownFileType = sourcecode.swift; path = NewCardChoiseViewController.swift; sourceTree = "<group>"; };
		CE206AB02BFDF53A000A8336 /* NewCardChoiseModuleBuilder.swift */ = {isa = PBXFileReference; lastKnownFileType = sourcecode.swift; path = NewCardChoiseModuleBuilder.swift; sourceTree = "<group>"; };
		CE3DEC692BC9581B00B13324 /* Discount.app */ = {isa = PBXFileReference; explicitFileType = wrapper.application; includeInIndex = 0; path = Discount.app; sourceTree = BUILT_PRODUCTS_DIR; };
		CE3DEC6C2BC9581B00B13324 /* AppDelegate.swift */ = {isa = PBXFileReference; lastKnownFileType = sourcecode.swift; path = AppDelegate.swift; sourceTree = "<group>"; };
		CE3DEC6E2BC9581B00B13324 /* SceneDelegate.swift */ = {isa = PBXFileReference; lastKnownFileType = sourcecode.swift; path = SceneDelegate.swift; sourceTree = "<group>"; };
		CE3DEC752BC9581C00B13324 /* Assets.xcassets */ = {isa = PBXFileReference; lastKnownFileType = folder.assetcatalog; path = Assets.xcassets; sourceTree = "<group>"; };
		CE3DEC782BC9581C00B13324 /* Base */ = {isa = PBXFileReference; lastKnownFileType = file.storyboard; name = Base; path = Base.lproj/LaunchScreen.storyboard; sourceTree = "<group>"; };
		CE3DEC7A2BC9581C00B13324 /* Info.plist */ = {isa = PBXFileReference; lastKnownFileType = text.plist.xml; path = Info.plist; sourceTree = "<group>"; };
		CE3DEC7F2BC9581C00B13324 /* DiscountTests.xctest */ = {isa = PBXFileReference; explicitFileType = wrapper.cfbundle; includeInIndex = 0; path = DiscountTests.xctest; sourceTree = BUILT_PRODUCTS_DIR; };
		CE3DEC832BC9581C00B13324 /* DiscountTests.swift */ = {isa = PBXFileReference; lastKnownFileType = sourcecode.swift; path = DiscountTests.swift; sourceTree = "<group>"; };
		CE3DEC892BC9581C00B13324 /* DiscountUITests.xctest */ = {isa = PBXFileReference; explicitFileType = wrapper.cfbundle; includeInIndex = 0; path = DiscountUITests.xctest; sourceTree = BUILT_PRODUCTS_DIR; };
		CE3DEC8D2BC9581C00B13324 /* DiscountUITests.swift */ = {isa = PBXFileReference; lastKnownFileType = sourcecode.swift; path = DiscountUITests.swift; sourceTree = "<group>"; };
		CE3DEC8F2BC9581C00B13324 /* DiscountUITestsLaunchTests.swift */ = {isa = PBXFileReference; lastKnownFileType = sourcecode.swift; path = DiscountUITestsLaunchTests.swift; sourceTree = "<group>"; };
		CE3DECA52BC96A2900B13324 /* UIColor.swift */ = {isa = PBXFileReference; lastKnownFileType = sourcecode.swift; path = UIColor.swift; sourceTree = "<group>"; };
		CE3DECA72BC96B4700B13324 /* UICustomInfoLabel.swift */ = {isa = PBXFileReference; lastKnownFileType = sourcecode.swift; path = UICustomInfoLabel.swift; sourceTree = "<group>"; };
		CE3DECA92BC96C9100B13324 /* UICustomBackItem.swift */ = {isa = PBXFileReference; lastKnownFileType = sourcecode.swift; path = UICustomBackItem.swift; sourceTree = "<group>"; };
		CE3DECAB2BC96CDF00B13324 /* UICustomButton.swift */ = {isa = PBXFileReference; lastKnownFileType = sourcecode.swift; path = UICustomButton.swift; sourceTree = "<group>"; };
		CE3DECAD2BC96D9500B13324 /* UICustomTextField.swift */ = {isa = PBXFileReference; lastKnownFileType = sourcecode.swift; path = UICustomTextField.swift; sourceTree = "<group>"; };
		CE3DECAF2BC96F3500B13324 /* UICustomLabel.swift */ = {isa = PBXFileReference; lastKnownFileType = sourcecode.swift; path = UICustomLabel.swift; sourceTree = "<group>"; };
		CE3DECB12BC9702200B13324 /* UICustomTextView.swift */ = {isa = PBXFileReference; lastKnownFileType = sourcecode.swift; path = UICustomTextView.swift; sourceTree = "<group>"; };
		CE3DECB32BC9709D00B13324 /* UICustomGrayButton.swift */ = {isa = PBXFileReference; lastKnownFileType = sourcecode.swift; path = UICustomGrayButton.swift; sourceTree = "<group>"; };
		CE4306E52BF63AAF009D8577 /* ScannerView.swift */ = {isa = PBXFileReference; lastKnownFileType = sourcecode.swift; path = ScannerView.swift; sourceTree = "<group>"; };
		CE48EE7F2BCFC738006C33F5 /* Coordinator.swift */ = {isa = PBXFileReference; lastKnownFileType = sourcecode.swift; path = Coordinator.swift; sourceTree = "<group>"; };
		CE48EE812BCFC7B0006C33F5 /* MainFlowCoordinator.swift */ = {isa = PBXFileReference; lastKnownFileType = sourcecode.swift; path = MainFlowCoordinator.swift; sourceTree = "<group>"; };
		CE48EE842BCFCA22006C33F5 /* ModuleBuilder.swift */ = {isa = PBXFileReference; lastKnownFileType = sourcecode.swift; path = ModuleBuilder.swift; sourceTree = "<group>"; };
		CE48EE882BCFCB1C006C33F5 /* MainModuleBuilder.swift */ = {isa = PBXFileReference; lastKnownFileType = sourcecode.swift; path = MainModuleBuilder.swift; sourceTree = "<group>"; };
		CE48EE8A2BCFCB49006C33F5 /* MainViewModel.swift */ = {isa = PBXFileReference; lastKnownFileType = sourcecode.swift; path = MainViewModel.swift; sourceTree = "<group>"; };
		CE48EE8C2BCFCCC7006C33F5 /* AppCoordinator.swift */ = {isa = PBXFileReference; lastKnownFileType = sourcecode.swift; path = AppCoordinator.swift; sourceTree = "<group>"; };
		CE48EE8F2BCFE57F006C33F5 /* AboutAppModuleBuilder.swift */ = {isa = PBXFileReference; lastKnownFileType = sourcecode.swift; path = AboutAppModuleBuilder.swift; sourceTree = "<group>"; };
		CE48EE922BCFE5BC006C33F5 /* AboutAppView.swift */ = {isa = PBXFileReference; lastKnownFileType = sourcecode.swift; path = AboutAppView.swift; sourceTree = "<group>"; };
		CE48EE942BCFE5C7006C33F5 /* AboutAppViewController.swift */ = {isa = PBXFileReference; lastKnownFileType = sourcecode.swift; path = AboutAppViewController.swift; sourceTree = "<group>"; };
		CE56B28F2BDB6BC500132A10 /* CardService.swift */ = {isa = PBXFileReference; lastKnownFileType = sourcecode.swift; path = CardService.swift; sourceTree = "<group>"; };
		CE56B2942BDB70FF00132A10 /* Errors.swift */ = {isa = PBXFileReference; lastKnownFileType = sourcecode.swift; path = Errors.swift; sourceTree = "<group>"; };
		CE7D5F2B2BCEBEB70005DAB9 /* MainTableViewCell.swift */ = {isa = PBXFileReference; lastKnownFileType = sourcecode.swift; path = MainTableViewCell.swift; sourceTree = "<group>"; };
		CE7D5F2E2BCEC1350005DAB9 /* CardTypes.swift */ = {isa = PBXFileReference; lastKnownFileType = sourcecode.swift; path = CardTypes.swift; sourceTree = "<group>"; };
		CE7D5F302BCEC3950005DAB9 /* MainView.swift */ = {isa = PBXFileReference; lastKnownFileType = sourcecode.swift; path = MainView.swift; sourceTree = "<group>"; };
		CE7D5F322BCECF350005DAB9 /* MainViewController.swift */ = {isa = PBXFileReference; lastKnownFileType = sourcecode.swift; path = MainViewController.swift; sourceTree = "<group>"; };
		CEC1A14F2BD65DA200080CEC /* NewCardViewController.swift */ = {isa = PBXFileReference; lastKnownFileType = sourcecode.swift; path = NewCardViewController.swift; sourceTree = "<group>"; };
		CEC1A1512BD65DB200080CEC /* NewCardView.swift */ = {isa = PBXFileReference; lastKnownFileType = sourcecode.swift; path = NewCardView.swift; sourceTree = "<group>"; };
		CEC1A1532BD662C700080CEC /* NewCardModuleBuilder.swift */ = {isa = PBXFileReference; lastKnownFileType = sourcecode.swift; path = NewCardModuleBuilder.swift; sourceTree = "<group>"; };
		CEC1A1552BD662E500080CEC /* NewCardViewModel.swift */ = {isa = PBXFileReference; lastKnownFileType = sourcecode.swift; path = NewCardViewModel.swift; sourceTree = "<group>"; };
/* End PBXFileReference section */

/* Begin PBXFrameworksBuildPhase section */
		CE3DEC662BC9581B00B13324 /* Frameworks */ = {
			isa = PBXFrameworksBuildPhase;
			buildActionMask = 2147483647;
			files = (
				CE206AA12BFDE4EA000A8336 /* FirebaseDatabase in Frameworks */,
				CE4306E22BF62847009D8577 /* CodeScanner in Frameworks */,
				CE3DEC9F2BC95C2600B13324 /* SnapKit in Frameworks */,
				CE3DECA22BC95E6600B13324 /* Swinject in Frameworks */,
				CE206A9D2BFDE4EA000A8336 /* FirebaseAuth in Frameworks */,
				CE206AA52BFDE4EA000A8336 /* FirebaseStorage in Frameworks */,
				CE206A9F2BFDE4EA000A8336 /* FirebaseAuthCombine-Community in Frameworks */,
				CE206AA32BFDE4EA000A8336 /* FirebaseFirestore in Frameworks */,
			);
			runOnlyForDeploymentPostprocessing = 0;
		};
		CE3DEC7C2BC9581C00B13324 /* Frameworks */ = {
			isa = PBXFrameworksBuildPhase;
			buildActionMask = 2147483647;
			files = (
			);
			runOnlyForDeploymentPostprocessing = 0;
		};
		CE3DEC862BC9581C00B13324 /* Frameworks */ = {
			isa = PBXFrameworksBuildPhase;
			buildActionMask = 2147483647;
			files = (
			);
			runOnlyForDeploymentPostprocessing = 0;
		};
/* End PBXFrameworksBuildPhase section */

/* Begin PBXGroup section */
		CE206AAD2BFDEF82000A8336 /* Choise */ = {
			isa = PBXGroup;
			children = (
				CE206AAB2BFDECF1000A8336 /* NewCardChoiseView.swift */,
				CE206AAE2BFDF0AF000A8336 /* NewCardChoiseViewController.swift */,
				CE206AB02BFDF53A000A8336 /* NewCardChoiseModuleBuilder.swift */,
			);
			path = Choise;
			sourceTree = "<group>";
		};
		CE3DEC602BC9581B00B13324 = {
			isa = PBXGroup;
			children = (
				CE3DEC6B2BC9581B00B13324 /* Discount */,
				CE3DEC822BC9581C00B13324 /* DiscountTests */,
				CE3DEC8C2BC9581C00B13324 /* DiscountUITests */,
				CE3DEC6A2BC9581B00B13324 /* Products */,
			);
			sourceTree = "<group>";
		};
		CE3DEC6A2BC9581B00B13324 /* Products */ = {
			isa = PBXGroup;
			children = (
				CE3DEC692BC9581B00B13324 /* Discount.app */,
				CE3DEC7F2BC9581C00B13324 /* DiscountTests.xctest */,
				CE3DEC892BC9581C00B13324 /* DiscountUITests.xctest */,
			);
			name = Products;
			sourceTree = "<group>";
		};
		CE3DEC6B2BC9581B00B13324 /* Discount */ = {
			isa = PBXGroup;
			children = (
				CE56B28E2BDB6BB200132A10 /* Services */,
				CE48EE7E2BCFC729006C33F5 /* Coordinators */,
				CE7D5F2D2BCEC0F70005DAB9 /* Models */,
				CE7D5F282BCEBE4E0005DAB9 /* Scenes */,
				CE3DECA42BC969E800B13324 /* Extensions */,
				CE3DEC9C2BC9591A00B13324 /* AppLife */,
				CE7D5F272BCEBCB50005DAB9 /* Support */,
			);
			path = Discount;
			sourceTree = "<group>";
		};
		CE3DEC822BC9581C00B13324 /* DiscountTests */ = {
			isa = PBXGroup;
			children = (
				CE3DEC832BC9581C00B13324 /* DiscountTests.swift */,
			);
			path = DiscountTests;
			sourceTree = "<group>";
		};
		CE3DEC8C2BC9581C00B13324 /* DiscountUITests */ = {
			isa = PBXGroup;
			children = (
				CE3DEC8D2BC9581C00B13324 /* DiscountUITests.swift */,
				CE3DEC8F2BC9581C00B13324 /* DiscountUITestsLaunchTests.swift */,
			);
			path = DiscountUITests;
			sourceTree = "<group>";
		};
		CE3DEC9C2BC9591A00B13324 /* AppLife */ = {
			isa = PBXGroup;
			children = (
				CE3DEC6C2BC9581B00B13324 /* AppDelegate.swift */,
				CE3DEC6E2BC9581B00B13324 /* SceneDelegate.swift */,
			);
			path = AppLife;
			sourceTree = "<group>";
		};
		CE3DECA42BC969E800B13324 /* Extensions */ = {
			isa = PBXGroup;
			children = (
				CE3DECA52BC96A2900B13324 /* UIColor.swift */,
				CE3DECA72BC96B4700B13324 /* UICustomInfoLabel.swift */,
				CE3DECA92BC96C9100B13324 /* UICustomBackItem.swift */,
				CE3DECAB2BC96CDF00B13324 /* UICustomButton.swift */,
				CE3DECAD2BC96D9500B13324 /* UICustomTextField.swift */,
				CE3DECAF2BC96F3500B13324 /* UICustomLabel.swift */,
				CE3DECB12BC9702200B13324 /* UICustomTextView.swift */,
				CE3DECB32BC9709D00B13324 /* UICustomGrayButton.swift */,
				CE56B2942BDB70FF00132A10 /* Errors.swift */,
			);
			path = Extensions;
			sourceTree = "<group>";
		};
		CE48EE7E2BCFC729006C33F5 /* Coordinators */ = {
			isa = PBXGroup;
			children = (
				CE48EE832BCFCA0C006C33F5 /* Protocols */,
				CE48EE812BCFC7B0006C33F5 /* MainFlowCoordinator.swift */,
				CE48EE8C2BCFCCC7006C33F5 /* AppCoordinator.swift */,
			);
			path = Coordinators;
			sourceTree = "<group>";
		};
		CE48EE832BCFCA0C006C33F5 /* Protocols */ = {
			isa = PBXGroup;
			children = (
				CE48EE7F2BCFC738006C33F5 /* Coordinator.swift */,
				CE48EE842BCFCA22006C33F5 /* ModuleBuilder.swift */,
			);
			path = Protocols;
			sourceTree = "<group>";
		};
		CE48EE912BCFE59F006C33F5 /* About app */ = {
			isa = PBXGroup;
			children = (
				CE48EE8F2BCFE57F006C33F5 /* AboutAppModuleBuilder.swift */,
				CE48EE922BCFE5BC006C33F5 /* AboutAppView.swift */,
				CE48EE942BCFE5C7006C33F5 /* AboutAppViewController.swift */,
			);
			path = "About app";
			sourceTree = "<group>";
		};
		CE56B28E2BDB6BB200132A10 /* Services */ = {
			isa = PBXGroup;
			children = (
				CE56B28F2BDB6BC500132A10 /* CardService.swift */,
			);
			path = Services;
			sourceTree = "<group>";
		};
		CE7D5F272BCEBCB50005DAB9 /* Support */ = {
			isa = PBXGroup;
			children = (
				CE206AA92BFDEBCA000A8336 /* GoogleService-Info.plist */,
				CE3DEC752BC9581C00B13324 /* Assets.xcassets */,
				CE3DEC772BC9581C00B13324 /* LaunchScreen.storyboard */,
				CE3DEC7A2BC9581C00B13324 /* Info.plist */,
			);
			path = Support;
			sourceTree = "<group>";
		};
		CE7D5F282BCEBE4E0005DAB9 /* Scenes */ = {
			isa = PBXGroup;
			children = (
				CEC1A14E2BD65D8900080CEC /* New Card */,
				CE48EE912BCFE59F006C33F5 /* About app */,
				CE7D5F292BCEBE800005DAB9 /* Main */,
			);
			path = Scenes;
			sourceTree = "<group>";
		};
		CE7D5F292BCEBE800005DAB9 /* Main */ = {
			isa = PBXGroup;
			children = (
				CE7D5F2A2BCEBE970005DAB9 /* Views */,
				CE7D5F322BCECF350005DAB9 /* MainViewController.swift */,
				CE48EE882BCFCB1C006C33F5 /* MainModuleBuilder.swift */,
				CE48EE8A2BCFCB49006C33F5 /* MainViewModel.swift */,
			);
			path = Main;
			sourceTree = "<group>";
		};
		CE7D5F2A2BCEBE970005DAB9 /* Views */ = {
			isa = PBXGroup;
			children = (
				CE7D5F2B2BCEBEB70005DAB9 /* MainTableViewCell.swift */,
				CE7D5F302BCEC3950005DAB9 /* MainView.swift */,
			);
			path = Views;
			sourceTree = "<group>";
		};
		CE7D5F2D2BCEC0F70005DAB9 /* Models */ = {
			isa = PBXGroup;
			children = (
				CE7D5F2E2BCEC1350005DAB9 /* CardTypes.swift */,
			);
			path = Models;
			sourceTree = "<group>";
		};
		CEC1A14E2BD65D8900080CEC /* New Card */ = {
			isa = PBXGroup;
			children = (
				CE206AAD2BFDEF82000A8336 /* Choise */,
				CEC1A14F2BD65DA200080CEC /* NewCardViewController.swift */,
				CEC1A1512BD65DB200080CEC /* NewCardView.swift */,
				CEC1A1532BD662C700080CEC /* NewCardModuleBuilder.swift */,
				CEC1A1552BD662E500080CEC /* NewCardViewModel.swift */,
				CE4306E52BF63AAF009D8577 /* ScannerView.swift */,
			);
			path = "New Card";
			sourceTree = "<group>";
		};
/* End PBXGroup section */

/* Begin PBXNativeTarget section */
		CE3DEC682BC9581B00B13324 /* Discount */ = {
			isa = PBXNativeTarget;
			buildConfigurationList = CE3DEC932BC9581C00B13324 /* Build configuration list for PBXNativeTarget "Discount" */;
			buildPhases = (
				CE3DEC652BC9581B00B13324 /* Sources */,
				CE3DEC662BC9581B00B13324 /* Frameworks */,
				CE3DEC672BC9581B00B13324 /* Resources */,
				CE3DECA32BC9604900B13324 /* ShellScript */,
			);
			buildRules = (
			);
			dependencies = (
			);
			name = Discount;
			packageProductDependencies = (
				CE3DEC9E2BC95C2600B13324 /* SnapKit */,
				CE3DECA12BC95E6600B13324 /* Swinject */,
				CE4306E12BF62847009D8577 /* CodeScanner */,
				CE206A9C2BFDE4EA000A8336 /* FirebaseAuth */,
				CE206A9E2BFDE4EA000A8336 /* FirebaseAuthCombine-Community */,
				CE206AA02BFDE4EA000A8336 /* FirebaseDatabase */,
				CE206AA22BFDE4EA000A8336 /* FirebaseFirestore */,
				CE206AA42BFDE4EA000A8336 /* FirebaseStorage */,
			);
			productName = Discount;
			productReference = CE3DEC692BC9581B00B13324 /* Discount.app */;
			productType = "com.apple.product-type.application";
		};
		CE3DEC7E2BC9581C00B13324 /* DiscountTests */ = {
			isa = PBXNativeTarget;
			buildConfigurationList = CE3DEC962BC9581C00B13324 /* Build configuration list for PBXNativeTarget "DiscountTests" */;
			buildPhases = (
				CE3DEC7B2BC9581C00B13324 /* Sources */,
				CE3DEC7C2BC9581C00B13324 /* Frameworks */,
				CE3DEC7D2BC9581C00B13324 /* Resources */,
			);
			buildRules = (
			);
			dependencies = (
				CE3DEC812BC9581C00B13324 /* PBXTargetDependency */,
			);
			name = DiscountTests;
			productName = DiscountTests;
			productReference = CE3DEC7F2BC9581C00B13324 /* DiscountTests.xctest */;
			productType = "com.apple.product-type.bundle.unit-test";
		};
		CE3DEC882BC9581C00B13324 /* DiscountUITests */ = {
			isa = PBXNativeTarget;
			buildConfigurationList = CE3DEC992BC9581C00B13324 /* Build configuration list for PBXNativeTarget "DiscountUITests" */;
			buildPhases = (
				CE3DEC852BC9581C00B13324 /* Sources */,
				CE3DEC862BC9581C00B13324 /* Frameworks */,
				CE3DEC872BC9581C00B13324 /* Resources */,
			);
			buildRules = (
			);
			dependencies = (
				CE3DEC8B2BC9581C00B13324 /* PBXTargetDependency */,
			);
			name = DiscountUITests;
			productName = DiscountUITests;
			productReference = CE3DEC892BC9581C00B13324 /* DiscountUITests.xctest */;
			productType = "com.apple.product-type.bundle.ui-testing";
		};
/* End PBXNativeTarget section */

/* Begin PBXProject section */
		CE3DEC612BC9581B00B13324 /* Project object */ = {
			isa = PBXProject;
			attributes = {
				BuildIndependentTargetsInParallel = 1;
				LastSwiftUpdateCheck = 1400;
				LastUpgradeCheck = 1400;
				TargetAttributes = {
					CE3DEC682BC9581B00B13324 = {
						CreatedOnToolsVersion = 14.0.1;
					};
					CE3DEC7E2BC9581C00B13324 = {
						CreatedOnToolsVersion = 14.0.1;
						TestTargetID = CE3DEC682BC9581B00B13324;
					};
					CE3DEC882BC9581C00B13324 = {
						CreatedOnToolsVersion = 14.0.1;
						TestTargetID = CE3DEC682BC9581B00B13324;
					};
				};
			};
			buildConfigurationList = CE3DEC642BC9581B00B13324 /* Build configuration list for PBXProject "Discount" */;
			compatibilityVersion = "Xcode 14.0";
			developmentRegion = en;
			hasScannedForEncodings = 0;
			knownRegions = (
				en,
				Base,
			);
			mainGroup = CE3DEC602BC9581B00B13324;
			packageReferences = (
				CE3DEC9D2BC95C2600B13324 /* XCRemoteSwiftPackageReference "SnapKit" */,
				CE3DECA02BC95E6600B13324 /* XCRemoteSwiftPackageReference "Swinject" */,
				CE4306E02BF62847009D8577 /* XCRemoteSwiftPackageReference "CodeScanner" */,
				CE206A9B2BFDE4EA000A8336 /* XCRemoteSwiftPackageReference "firebase-ios-sdk" */,
			);
			productRefGroup = CE3DEC6A2BC9581B00B13324 /* Products */;
			projectDirPath = "";
			projectRoot = "";
			targets = (
				CE3DEC682BC9581B00B13324 /* Discount */,
				CE3DEC7E2BC9581C00B13324 /* DiscountTests */,
				CE3DEC882BC9581C00B13324 /* DiscountUITests */,
			);
		};
/* End PBXProject section */

/* Begin PBXResourcesBuildPhase section */
		CE3DEC672BC9581B00B13324 /* Resources */ = {
			isa = PBXResourcesBuildPhase;
			buildActionMask = 2147483647;
			files = (
				CE3DEC792BC9581C00B13324 /* LaunchScreen.storyboard in Resources */,
				CE3DEC762BC9581C00B13324 /* Assets.xcassets in Resources */,
				CE206AAA2BFDEBCA000A8336 /* GoogleService-Info.plist in Resources */,
			);
			runOnlyForDeploymentPostprocessing = 0;
		};
		CE3DEC7D2BC9581C00B13324 /* Resources */ = {
			isa = PBXResourcesBuildPhase;
			buildActionMask = 2147483647;
			files = (
			);
			runOnlyForDeploymentPostprocessing = 0;
		};
		CE3DEC872BC9581C00B13324 /* Resources */ = {
			isa = PBXResourcesBuildPhase;
			buildActionMask = 2147483647;
			files = (
			);
			runOnlyForDeploymentPostprocessing = 0;
		};
/* End PBXResourcesBuildPhase section */

/* Begin PBXShellScriptBuildPhase section */
		CE3DECA32BC9604900B13324 /* ShellScript */ = {
			isa = PBXShellScriptBuildPhase;
			alwaysOutOfDate = 1;
			buildActionMask = 2147483647;
			files = (
			);
			inputFileListPaths = (
			);
			inputPaths = (
			);
			outputFileListPaths = (
			);
			outputPaths = (
			);
			runOnlyForDeploymentPostprocessing = 0;
			shellPath = /bin/sh;
			shellScript = "export PATH=\"$PATH:/opt/homebrew/bin\"\nif which swiftlint >/dev/null; then\n  swiftlint\nelse\n  echo \"error: SwiftLint does not exist, download it from https://github.com/realm/SwiftLint\"\n  exit 1\nfi\n";
		};
/* End PBXShellScriptBuildPhase section */

/* Begin PBXSourcesBuildPhase section */
		CE3DEC652BC9581B00B13324 /* Sources */ = {
			isa = PBXSourcesBuildPhase;
			buildActionMask = 2147483647;
			files = (
				CE48EE802BCFC738006C33F5 /* Coordinator.swift in Sources */,
				CEC1A1562BD662E500080CEC /* NewCardViewModel.swift in Sources */,
				CE7D5F2C2BCEBEB70005DAB9 /* MainTableViewCell.swift in Sources */,
				CE56B2952BDB70FF00132A10 /* Errors.swift in Sources */,
				CE7D5F312BCEC3950005DAB9 /* MainView.swift in Sources */,
				CE3DECA62BC96A2900B13324 /* UIColor.swift in Sources */,
				CEC1A1522BD65DB200080CEC /* NewCardView.swift in Sources */,
				CE206AAC2BFDECF1000A8336 /* NewCardChoiseView.swift in Sources */,
				CE3DECB22BC9702200B13324 /* UICustomTextView.swift in Sources */,
				CE48EE852BCFCA22006C33F5 /* ModuleBuilder.swift in Sources */,
				CE4306E62BF63AAF009D8577 /* ScannerView.swift in Sources */,
				CE48EE8D2BCFCCC7006C33F5 /* AppCoordinator.swift in Sources */,
				CE3DECAA2BC96C9100B13324 /* UICustomBackItem.swift in Sources */,
				CE48EE892BCFCB1C006C33F5 /* MainModuleBuilder.swift in Sources */,
				CE206AAF2BFDF0AF000A8336 /* NewCardChoiseViewController.swift in Sources */,
				CE48EE822BCFC7B0006C33F5 /* MainFlowCoordinator.swift in Sources */,
				CE3DEC6D2BC9581B00B13324 /* AppDelegate.swift in Sources */,
				CE48EE902BCFE57F006C33F5 /* AboutAppModuleBuilder.swift in Sources */,
				CE3DECAE2BC96D9500B13324 /* UICustomTextField.swift in Sources */,
				CE206AB12BFDF53A000A8336 /* NewCardChoiseModuleBuilder.swift in Sources */,
				CE56B2902BDB6BC500132A10 /* CardService.swift in Sources */,
				CE7D5F332BCECF350005DAB9 /* MainViewController.swift in Sources */,
				CE48EE8B2BCFCB49006C33F5 /* MainViewModel.swift in Sources */,
				CE3DECB02BC96F3500B13324 /* UICustomLabel.swift in Sources */,
				CE48EE952BCFE5C7006C33F5 /* AboutAppViewController.swift in Sources */,
				CEC1A1542BD662C700080CEC /* NewCardModuleBuilder.swift in Sources */,
				CEC1A1502BD65DA200080CEC /* NewCardViewController.swift in Sources */,
				CE3DECAC2BC96CDF00B13324 /* UICustomButton.swift in Sources */,
				CE3DECA82BC96B4700B13324 /* UICustomInfoLabel.swift in Sources */,
				CE48EE932BCFE5BC006C33F5 /* AboutAppView.swift in Sources */,
				CE7D5F2F2BCEC1350005DAB9 /* CardTypes.swift in Sources */,
				CE3DECB42BC9709D00B13324 /* UICustomGrayButton.swift in Sources */,
				CE3DEC6F2BC9581B00B13324 /* SceneDelegate.swift in Sources */,
			);
			runOnlyForDeploymentPostprocessing = 0;
		};
		CE3DEC7B2BC9581C00B13324 /* Sources */ = {
			isa = PBXSourcesBuildPhase;
			buildActionMask = 2147483647;
			files = (
				CE3DEC842BC9581C00B13324 /* DiscountTests.swift in Sources */,
			);
			runOnlyForDeploymentPostprocessing = 0;
		};
		CE3DEC852BC9581C00B13324 /* Sources */ = {
			isa = PBXSourcesBuildPhase;
			buildActionMask = 2147483647;
			files = (
				CE3DEC902BC9581C00B13324 /* DiscountUITestsLaunchTests.swift in Sources */,
				CE3DEC8E2BC9581C00B13324 /* DiscountUITests.swift in Sources */,
			);
			runOnlyForDeploymentPostprocessing = 0;
		};
/* End PBXSourcesBuildPhase section */

/* Begin PBXTargetDependency section */
		CE3DEC812BC9581C00B13324 /* PBXTargetDependency */ = {
			isa = PBXTargetDependency;
			target = CE3DEC682BC9581B00B13324 /* Discount */;
			targetProxy = CE3DEC802BC9581C00B13324 /* PBXContainerItemProxy */;
		};
		CE3DEC8B2BC9581C00B13324 /* PBXTargetDependency */ = {
			isa = PBXTargetDependency;
			target = CE3DEC682BC9581B00B13324 /* Discount */;
			targetProxy = CE3DEC8A2BC9581C00B13324 /* PBXContainerItemProxy */;
		};
/* End PBXTargetDependency section */

/* Begin PBXVariantGroup section */
		CE3DEC772BC9581C00B13324 /* LaunchScreen.storyboard */ = {
			isa = PBXVariantGroup;
			children = (
				CE3DEC782BC9581C00B13324 /* Base */,
			);
			name = LaunchScreen.storyboard;
			sourceTree = "<group>";
		};
/* End PBXVariantGroup section */

/* Begin XCBuildConfiguration section */
		CE3DEC912BC9581C00B13324 /* Debug */ = {
			isa = XCBuildConfiguration;
			buildSettings = {
				ALWAYS_SEARCH_USER_PATHS = NO;
				CLANG_ANALYZER_NONNULL = YES;
				CLANG_ANALYZER_NUMBER_OBJECT_CONVERSION = YES_AGGRESSIVE;
				CLANG_CXX_LANGUAGE_STANDARD = "gnu++20";
				CLANG_ENABLE_MODULES = YES;
				CLANG_ENABLE_OBJC_ARC = YES;
				CLANG_ENABLE_OBJC_WEAK = YES;
				CLANG_WARN_BLOCK_CAPTURE_AUTORELEASING = YES;
				CLANG_WARN_BOOL_CONVERSION = YES;
				CLANG_WARN_COMMA = YES;
				CLANG_WARN_CONSTANT_CONVERSION = YES;
				CLANG_WARN_DEPRECATED_OBJC_IMPLEMENTATIONS = YES;
				CLANG_WARN_DIRECT_OBJC_ISA_USAGE = YES_ERROR;
				CLANG_WARN_DOCUMENTATION_COMMENTS = YES;
				CLANG_WARN_EMPTY_BODY = YES;
				CLANG_WARN_ENUM_CONVERSION = YES;
				CLANG_WARN_INFINITE_RECURSION = YES;
				CLANG_WARN_INT_CONVERSION = YES;
				CLANG_WARN_NON_LITERAL_NULL_CONVERSION = YES;
				CLANG_WARN_OBJC_IMPLICIT_RETAIN_SELF = YES;
				CLANG_WARN_OBJC_LITERAL_CONVERSION = YES;
				CLANG_WARN_OBJC_ROOT_CLASS = YES_ERROR;
				CLANG_WARN_QUOTED_INCLUDE_IN_FRAMEWORK_HEADER = YES;
				CLANG_WARN_RANGE_LOOP_ANALYSIS = YES;
				CLANG_WARN_STRICT_PROTOTYPES = YES;
				CLANG_WARN_SUSPICIOUS_MOVE = YES;
				CLANG_WARN_UNGUARDED_AVAILABILITY = YES_AGGRESSIVE;
				CLANG_WARN_UNREACHABLE_CODE = YES;
				CLANG_WARN__DUPLICATE_METHOD_MATCH = YES;
				COPY_PHASE_STRIP = NO;
				DEBUG_INFORMATION_FORMAT = dwarf;
				ENABLE_STRICT_OBJC_MSGSEND = YES;
				ENABLE_TESTABILITY = YES;
				GCC_C_LANGUAGE_STANDARD = gnu11;
				GCC_DYNAMIC_NO_PIC = NO;
				GCC_NO_COMMON_BLOCKS = YES;
				GCC_OPTIMIZATION_LEVEL = 0;
				GCC_PREPROCESSOR_DEFINITIONS = (
					"DEBUG=1",
					"$(inherited)",
				);
				GCC_WARN_64_TO_32_BIT_CONVERSION = YES;
				GCC_WARN_ABOUT_RETURN_TYPE = YES_ERROR;
				GCC_WARN_UNDECLARED_SELECTOR = YES;
				GCC_WARN_UNINITIALIZED_AUTOS = YES_AGGRESSIVE;
				GCC_WARN_UNUSED_FUNCTION = YES;
				GCC_WARN_UNUSED_VARIABLE = YES;
				IPHONEOS_DEPLOYMENT_TARGET = 16.0;
				MTL_ENABLE_DEBUG_INFO = INCLUDE_SOURCE;
				MTL_FAST_MATH = YES;
				ONLY_ACTIVE_ARCH = YES;
				SDKROOT = iphoneos;
				SWIFT_ACTIVE_COMPILATION_CONDITIONS = DEBUG;
				SWIFT_OPTIMIZATION_LEVEL = "-Onone";
			};
			name = Debug;
		};
		CE3DEC922BC9581C00B13324 /* Release */ = {
			isa = XCBuildConfiguration;
			buildSettings = {
				ALWAYS_SEARCH_USER_PATHS = NO;
				CLANG_ANALYZER_NONNULL = YES;
				CLANG_ANALYZER_NUMBER_OBJECT_CONVERSION = YES_AGGRESSIVE;
				CLANG_CXX_LANGUAGE_STANDARD = "gnu++20";
				CLANG_ENABLE_MODULES = YES;
				CLANG_ENABLE_OBJC_ARC = YES;
				CLANG_ENABLE_OBJC_WEAK = YES;
				CLANG_WARN_BLOCK_CAPTURE_AUTORELEASING = YES;
				CLANG_WARN_BOOL_CONVERSION = YES;
				CLANG_WARN_COMMA = YES;
				CLANG_WARN_CONSTANT_CONVERSION = YES;
				CLANG_WARN_DEPRECATED_OBJC_IMPLEMENTATIONS = YES;
				CLANG_WARN_DIRECT_OBJC_ISA_USAGE = YES_ERROR;
				CLANG_WARN_DOCUMENTATION_COMMENTS = YES;
				CLANG_WARN_EMPTY_BODY = YES;
				CLANG_WARN_ENUM_CONVERSION = YES;
				CLANG_WARN_INFINITE_RECURSION = YES;
				CLANG_WARN_INT_CONVERSION = YES;
				CLANG_WARN_NON_LITERAL_NULL_CONVERSION = YES;
				CLANG_WARN_OBJC_IMPLICIT_RETAIN_SELF = YES;
				CLANG_WARN_OBJC_LITERAL_CONVERSION = YES;
				CLANG_WARN_OBJC_ROOT_CLASS = YES_ERROR;
				CLANG_WARN_QUOTED_INCLUDE_IN_FRAMEWORK_HEADER = YES;
				CLANG_WARN_RANGE_LOOP_ANALYSIS = YES;
				CLANG_WARN_STRICT_PROTOTYPES = YES;
				CLANG_WARN_SUSPICIOUS_MOVE = YES;
				CLANG_WARN_UNGUARDED_AVAILABILITY = YES_AGGRESSIVE;
				CLANG_WARN_UNREACHABLE_CODE = YES;
				CLANG_WARN__DUPLICATE_METHOD_MATCH = YES;
				COPY_PHASE_STRIP = NO;
				DEBUG_INFORMATION_FORMAT = "dwarf-with-dsym";
				ENABLE_NS_ASSERTIONS = NO;
				ENABLE_STRICT_OBJC_MSGSEND = YES;
				GCC_C_LANGUAGE_STANDARD = gnu11;
				GCC_NO_COMMON_BLOCKS = YES;
				GCC_WARN_64_TO_32_BIT_CONVERSION = YES;
				GCC_WARN_ABOUT_RETURN_TYPE = YES_ERROR;
				GCC_WARN_UNDECLARED_SELECTOR = YES;
				GCC_WARN_UNINITIALIZED_AUTOS = YES_AGGRESSIVE;
				GCC_WARN_UNUSED_FUNCTION = YES;
				GCC_WARN_UNUSED_VARIABLE = YES;
				IPHONEOS_DEPLOYMENT_TARGET = 16.0;
				MTL_ENABLE_DEBUG_INFO = NO;
				MTL_FAST_MATH = YES;
				SDKROOT = iphoneos;
				SWIFT_COMPILATION_MODE = wholemodule;
				SWIFT_OPTIMIZATION_LEVEL = "-O";
				VALIDATE_PRODUCT = YES;
			};
			name = Release;
		};
		CE3DEC942BC9581C00B13324 /* Debug */ = {
			isa = XCBuildConfiguration;
			buildSettings = {
				ASSETCATALOG_COMPILER_APPICON_NAME = AppIcon;
				ASSETCATALOG_COMPILER_GLOBAL_ACCENT_COLOR_NAME = AccentColor;
				CODE_SIGN_STYLE = Automatic;
				CURRENT_PROJECT_VERSION = 1;
				DEVELOPMENT_TEAM = M7U2MKC2VB;
				GENERATE_INFOPLIST_FILE = YES;
				INFOPLIST_FILE = Discount/Support/Info.plist;
				INFOPLIST_KEY_NSCameraUsageDescription = "$(PRODUCT_NAME) Need Camera access to Sqan QR code Image";
				INFOPLIST_KEY_UIApplicationSupportsIndirectInputEvents = YES;
				INFOPLIST_KEY_UILaunchStoryboardName = LaunchScreen;
				INFOPLIST_KEY_UISupportedInterfaceOrientations_iPad = "UIInterfaceOrientationPortrait UIInterfaceOrientationPortraitUpsideDown UIInterfaceOrientationLandscapeLeft UIInterfaceOrientationLandscapeRight";
				INFOPLIST_KEY_UISupportedInterfaceOrientations_iPhone = "UIInterfaceOrientationPortrait UIInterfaceOrientationLandscapeLeft UIInterfaceOrientationLandscapeRight";
				LD_RUNPATH_SEARCH_PATHS = (
					"$(inherited)",
					"@executable_path/Frameworks",
				);
				MARKETING_VERSION = 1.0;
				PRODUCT_BUNDLE_IDENTIFIER = e.Discount;
				PRODUCT_NAME = "$(TARGET_NAME)";
				SWIFT_EMIT_LOC_STRINGS = YES;
				SWIFT_VERSION = 5.0;
				TARGETED_DEVICE_FAMILY = "1,2";
			};
			name = Debug;
		};
		CE3DEC952BC9581C00B13324 /* Release */ = {
			isa = XCBuildConfiguration;
			buildSettings = {
				ASSETCATALOG_COMPILER_APPICON_NAME = AppIcon;
				ASSETCATALOG_COMPILER_GLOBAL_ACCENT_COLOR_NAME = AccentColor;
				CODE_SIGN_STYLE = Automatic;
				CURRENT_PROJECT_VERSION = 1;
				DEVELOPMENT_TEAM = M7U2MKC2VB;
				GENERATE_INFOPLIST_FILE = YES;
				INFOPLIST_FILE = Discount/Support/Info.plist;
				INFOPLIST_KEY_NSCameraUsageDescription = "$(PRODUCT_NAME) Need Camera access to Sqan QR code Image";
				INFOPLIST_KEY_UIApplicationSupportsIndirectInputEvents = YES;
				INFOPLIST_KEY_UILaunchStoryboardName = LaunchScreen;
				INFOPLIST_KEY_UISupportedInterfaceOrientations_iPad = "UIInterfaceOrientationPortrait UIInterfaceOrientationPortraitUpsideDown UIInterfaceOrientationLandscapeLeft UIInterfaceOrientationLandscapeRight";
				INFOPLIST_KEY_UISupportedInterfaceOrientations_iPhone = "UIInterfaceOrientationPortrait UIInterfaceOrientationLandscapeLeft UIInterfaceOrientationLandscapeRight";
				LD_RUNPATH_SEARCH_PATHS = (
					"$(inherited)",
					"@executable_path/Frameworks",
				);
				MARKETING_VERSION = 1.0;
				PRODUCT_BUNDLE_IDENTIFIER = e.Discount;
				PRODUCT_NAME = "$(TARGET_NAME)";
				SWIFT_EMIT_LOC_STRINGS = YES;
				SWIFT_VERSION = 5.0;
				TARGETED_DEVICE_FAMILY = "1,2";
			};
			name = Release;
		};
		CE3DEC972BC9581C00B13324 /* Debug */ = {
			isa = XCBuildConfiguration;
			buildSettings = {
				ALWAYS_EMBED_SWIFT_STANDARD_LIBRARIES = YES;
				BUNDLE_LOADER = "$(TEST_HOST)";
				CODE_SIGN_STYLE = Automatic;
				CURRENT_PROJECT_VERSION = 1;
				ENABLE_TESTABILITY = YES;
				GENERATE_INFOPLIST_FILE = YES;
				IPHONEOS_DEPLOYMENT_TARGET = 16.0;
				MARKETING_VERSION = 1.0;
				PRODUCT_BUNDLE_IDENTIFIER = e.DiscountTests;
				PRODUCT_NAME = "$(TARGET_NAME)";
				SWIFT_EMIT_LOC_STRINGS = NO;
				SWIFT_VERSION = 5.0;
				TARGETED_DEVICE_FAMILY = "1,2";
				TEST_HOST = "$(BUILT_PRODUCTS_DIR)/Discount.app/$(BUNDLE_EXECUTABLE_FOLDER_PATH)/Discount";
			};
			name = Debug;
		};
		CE3DEC982BC9581C00B13324 /* Release */ = {
			isa = XCBuildConfiguration;
			buildSettings = {
				ALWAYS_EMBED_SWIFT_STANDARD_LIBRARIES = YES;
				BUNDLE_LOADER = "$(TEST_HOST)";
				CODE_SIGN_STYLE = Automatic;
				CURRENT_PROJECT_VERSION = 1;
				ENABLE_TESTABILITY = YES;
				GENERATE_INFOPLIST_FILE = YES;
				IPHONEOS_DEPLOYMENT_TARGET = 16.0;
				MARKETING_VERSION = 1.0;
				PRODUCT_BUNDLE_IDENTIFIER = e.DiscountTests;
				PRODUCT_NAME = "$(TARGET_NAME)";
				SWIFT_EMIT_LOC_STRINGS = NO;
				SWIFT_VERSION = 5.0;
				TARGETED_DEVICE_FAMILY = "1,2";
				TEST_HOST = "$(BUILT_PRODUCTS_DIR)/Discount.app/$(BUNDLE_EXECUTABLE_FOLDER_PATH)/Discount";
			};
			name = Release;
		};
		CE3DEC9A2BC9581C00B13324 /* Debug */ = {
			isa = XCBuildConfiguration;
			buildSettings = {
				ALWAYS_EMBED_SWIFT_STANDARD_LIBRARIES = YES;
				CODE_SIGN_STYLE = Automatic;
				CURRENT_PROJECT_VERSION = 1;
				ENABLE_TESTABILITY = YES;
				GENERATE_INFOPLIST_FILE = YES;
				MARKETING_VERSION = 1.0;
				PRODUCT_BUNDLE_IDENTIFIER = e.DiscountUITests;
				PRODUCT_NAME = "$(TARGET_NAME)";
				SWIFT_EMIT_LOC_STRINGS = NO;
				SWIFT_VERSION = 5.0;
				TARGETED_DEVICE_FAMILY = "1,2";
				TEST_TARGET_NAME = Discount;
			};
			name = Debug;
		};
		CE3DEC9B2BC9581C00B13324 /* Release */ = {
			isa = XCBuildConfiguration;
			buildSettings = {
				ALWAYS_EMBED_SWIFT_STANDARD_LIBRARIES = YES;
				CODE_SIGN_STYLE = Automatic;
				CURRENT_PROJECT_VERSION = 1;
				ENABLE_TESTABILITY = YES;
				GENERATE_INFOPLIST_FILE = YES;
				MARKETING_VERSION = 1.0;
				PRODUCT_BUNDLE_IDENTIFIER = e.DiscountUITests;
				PRODUCT_NAME = "$(TARGET_NAME)";
				SWIFT_EMIT_LOC_STRINGS = NO;
				SWIFT_VERSION = 5.0;
				TARGETED_DEVICE_FAMILY = "1,2";
				TEST_TARGET_NAME = Discount;
			};
			name = Release;
		};
/* End XCBuildConfiguration section */

/* Begin XCConfigurationList section */
		CE3DEC642BC9581B00B13324 /* Build configuration list for PBXProject "Discount" */ = {
			isa = XCConfigurationList;
			buildConfigurations = (
				CE3DEC912BC9581C00B13324 /* Debug */,
				CE3DEC922BC9581C00B13324 /* Release */,
			);
			defaultConfigurationIsVisible = 0;
			defaultConfigurationName = Release;
		};
		CE3DEC932BC9581C00B13324 /* Build configuration list for PBXNativeTarget "Discount" */ = {
			isa = XCConfigurationList;
			buildConfigurations = (
				CE3DEC942BC9581C00B13324 /* Debug */,
				CE3DEC952BC9581C00B13324 /* Release */,
			);
			defaultConfigurationIsVisible = 0;
			defaultConfigurationName = Release;
		};
		CE3DEC962BC9581C00B13324 /* Build configuration list for PBXNativeTarget "DiscountTests" */ = {
			isa = XCConfigurationList;
			buildConfigurations = (
				CE3DEC972BC9581C00B13324 /* Debug */,
				CE3DEC982BC9581C00B13324 /* Release */,
			);
			defaultConfigurationIsVisible = 0;
			defaultConfigurationName = Release;
		};
		CE3DEC992BC9581C00B13324 /* Build configuration list for PBXNativeTarget "DiscountUITests" */ = {
			isa = XCConfigurationList;
			buildConfigurations = (
				CE3DEC9A2BC9581C00B13324 /* Debug */,
				CE3DEC9B2BC9581C00B13324 /* Release */,
			);
			defaultConfigurationIsVisible = 0;
			defaultConfigurationName = Release;
		};
/* End XCConfigurationList section */

/* Begin XCRemoteSwiftPackageReference section */
		CE206A9B2BFDE4EA000A8336 /* XCRemoteSwiftPackageReference "firebase-ios-sdk" */ = {
			isa = XCRemoteSwiftPackageReference;
			repositoryURL = "https://github.com/firebase/firebase-ios-sdk";
			requirement = {
				kind = upToNextMajorVersion;
				minimumVersion = 9.0.0;
			};
		};
		CE3DEC9D2BC95C2600B13324 /* XCRemoteSwiftPackageReference "SnapKit" */ = {
			isa = XCRemoteSwiftPackageReference;
			repositoryURL = "https://github.com/SnapKit/SnapKit";
			requirement = {
				kind = upToNextMajorVersion;
				minimumVersion = 5.0.0;
			};
		};
		CE3DECA02BC95E6600B13324 /* XCRemoteSwiftPackageReference "Swinject" */ = {
			isa = XCRemoteSwiftPackageReference;
			repositoryURL = "https://github.com/Swinject/Swinject";
			requirement = {
				kind = upToNextMajorVersion;
				minimumVersion = 2.0.0;
			};
		};
		CE4306E02BF62847009D8577 /* XCRemoteSwiftPackageReference "CodeScanner" */ = {
			isa = XCRemoteSwiftPackageReference;
			repositoryURL = "https://github.com/twostraws/CodeScanner.git";
			requirement = {
				kind = upToNextMajorVersion;
				minimumVersion = 2.0.0;
			};
		};
/* End XCRemoteSwiftPackageReference section */

/* Begin XCSwiftPackageProductDependency section */
		CE206A9C2BFDE4EA000A8336 /* FirebaseAuth */ = {
			isa = XCSwiftPackageProductDependency;
			package = CE206A9B2BFDE4EA000A8336 /* XCRemoteSwiftPackageReference "firebase-ios-sdk" */;
			productName = FirebaseAuth;
		};
		CE206A9E2BFDE4EA000A8336 /* FirebaseAuthCombine-Community */ = {
			isa = XCSwiftPackageProductDependency;
			package = CE206A9B2BFDE4EA000A8336 /* XCRemoteSwiftPackageReference "firebase-ios-sdk" */;
			productName = "FirebaseAuthCombine-Community";
		};
		CE206AA02BFDE4EA000A8336 /* FirebaseDatabase */ = {
			isa = XCSwiftPackageProductDependency;
			package = CE206A9B2BFDE4EA000A8336 /* XCRemoteSwiftPackageReference "firebase-ios-sdk" */;
			productName = FirebaseDatabase;
		};
		CE206AA22BFDE4EA000A8336 /* FirebaseFirestore */ = {
			isa = XCSwiftPackageProductDependency;
			package = CE206A9B2BFDE4EA000A8336 /* XCRemoteSwiftPackageReference "firebase-ios-sdk" */;
			productName = FirebaseFirestore;
		};
		CE206AA42BFDE4EA000A8336 /* FirebaseStorage */ = {
			isa = XCSwiftPackageProductDependency;
			package = CE206A9B2BFDE4EA000A8336 /* XCRemoteSwiftPackageReference "firebase-ios-sdk" */;
			productName = FirebaseStorage;
		};
		CE3DEC9E2BC95C2600B13324 /* SnapKit */ = {
			isa = XCSwiftPackageProductDependency;
			package = CE3DEC9D2BC95C2600B13324 /* XCRemoteSwiftPackageReference "SnapKit" */;
			productName = SnapKit;
		};
		CE3DECA12BC95E6600B13324 /* Swinject */ = {
			isa = XCSwiftPackageProductDependency;
			package = CE3DECA02BC95E6600B13324 /* XCRemoteSwiftPackageReference "Swinject" */;
			productName = Swinject;
		};
		CE4306E12BF62847009D8577 /* CodeScanner */ = {
			isa = XCSwiftPackageProductDependency;
			package = CE4306E02BF62847009D8577 /* XCRemoteSwiftPackageReference "CodeScanner" */;
			productName = CodeScanner;
		};
/* End XCSwiftPackageProductDependency section */
	};
	rootObject = CE3DEC612BC9581B00B13324 /* Project object */;
}
